
Microsoft Visual Studio Solution File, Format Version 12.00
# Visual Studio Version 16
VisualStudioVersion = 16.0.30320.27
MinimumVisualStudioVersion = 10.0.40219.1
Project("{FAE04EC0-301F-11D3-BF4B-00C04F79EFBC}") = "HddKeeper.BusinessLogic", "HddKeeper.BusinessLogic\HddKeeper.BusinessLogic.csproj", "{F5F9A5CB-880A-4ED2-AB0B-C09C5406F8DD}"
EndProject
Project("{FAE04EC0-301F-11D3-BF4B-00C04F79EFBC}") = "HddKeeper.Contracts", "HddKeeper.Contracts\HddKeeper.Contracts.csproj", "{9EAED109-958A-4C81-BF8F-E9A1C1BD5043}"
EndProject
Project("{FAE04EC0-301F-11D3-BF4B-00C04F79EFBC}") = "HddKeeper.ConsoleApp", "HddKeeper.ConsoleApp\HddKeeper.ConsoleApp.csproj", "{A3F6BCEE-70FD-4C22-846A-3A7746FF8C10}"
EndProject
Global
	GlobalSection(SolutionConfigurationPlatforms) = preSolution
		Debug|Any CPU = Debug|Any CPU
		Release|Any CPU = Release|Any CPU
	EndGlobalSection
	GlobalSection(ProjectConfigurationPlatforms) = postSolution
		{F5F9A5CB-880A-4ED2-AB0B-C09C5406F8DD}.Debug|Any CPU.ActiveCfg = Debug|Any CPU
		{F5F9A5CB-880A-4ED2-AB0B-C09C5406F8DD}.Debug|Any CPU.Build.0 = Debug|Any CPU
		{F5F9A5CB-880A-4ED2-AB0B-C09C5406F8DD}.Release|Any CPU.ActiveCfg = Release|Any CPU
		{F5F9A5CB-880A-4ED2-AB0B-C09C5406F8DD}.Release|Any CPU.Build.0 = Release|Any CPU
		{9EAED109-958A-4C81-BF8F-E9A1C1BD5043}.Debug|Any CPU.ActiveCfg = Debug|Any CPU
		{9EAED109-958A-4C81-BF8F-E9A1C1BD5043}.Debug|Any CPU.Build.0 = Debug|Any CPU
		{9EAED109-958A-4C81-BF8F-E9A1C1BD5043}.Release|Any CPU.ActiveCfg = Release|Any CPU
		{9EAED109-958A-4C81-BF8F-E9A1C1BD5043}.Release|Any CPU.Build.0 = Release|Any CPU
		{A3F6BCEE-70FD-4C22-846A-3A7746FF8C10}.Debug|Any CPU.ActiveCfg = Debug|Any CPU
		{A3F6BCEE-70FD-4C22-846A-3A7746FF8C10}.Debug|Any CPU.Build.0 = Debug|Any CPU
		{A3F6BCEE-70FD-4C22-846A-3A7746FF8C10}.Release|Any CPU.ActiveCfg = Release|Any CPU
		{A3F6BCEE-70FD-4C22-846A-3A7746FF8C10}.Release|Any CPU.Build.0 = Release|Any CPU
	EndGlobalSection
	GlobalSection(SolutionProperties) = preSolution
		HideSolutionNode = FALSE
	EndGlobalSection
	GlobalSection(ExtensibilityGlobals) = postSolution
		SolutionGuid = {4523240F-2FEF-4631-96AF-8D54BE450B1F}
	EndGlobalSection
EndGlobal
